
Microsoft Visual Studio Solution File, Format Version 12.00
# Visual Studio Version 17
VisualStudioVersion = 17.8.34525.116
MinimumVisualStudioVersion = 10.0.40219.1
Project("{FAE04EC0-301F-11D3-BF4B-00C04F79EFBC}") = "medicinaFW", "medicinaFW\medicinaFW.csproj", "{5A1C0559-C8D8-472C-B412-50CD5D6344AB}"
EndProject
Global
	GlobalSection(SolutionConfigurationPlatforms) = preSolution
		Debug|Any CPU = Debug|Any CPU
		Release|Any CPU = Release|Any CPU
	EndGlobalSection
	GlobalSection(ProjectConfigurationPlatforms) = postSolution
		{5A1C0559-C8D8-472C-B412-50CD5D6344AB}.Debug|Any CPU.ActiveCfg = Debug|Any CPU
		{5A1C0559-C8D8-472C-B412-50CD5D6344AB}.Debug|Any CPU.Build.0 = Debug|Any CPU
		{5A1C0559-C8D8-472C-B412-50CD5D6344AB}.Release|Any CPU.ActiveCfg = Release|Any CPU
		{5A1C0559-C8D8-472C-B412-50CD5D6344AB}.Release|Any CPU.Build.0 = Release|Any CPU
	EndGlobalSection
	GlobalSection(SolutionProperties) = preSolution
		HideSolutionNode = FALSE
	EndGlobalSection
	GlobalSection(ExtensibilityGlobals) = postSolution
		SolutionGuid = {2677CB35-82B8-43BA-9756-3F218F8B2B2A}
	EndGlobalSection
EndGlobal
